<?xml version="1.0" encoding="utf-8"?>
<Project ToolsVersion="4.0" xmlns="http://schemas.microsoft.com/developer/msbuild/2003">
  <ItemGroup>
    <Filter Include="Source Files">
      <UniqueIdentifier>{4FC737F1-C7A5-4376-A066-2A32D752A2FF}</UniqueIdentifier>
      <Extensions>cpp;c;cc;cxx;def;odl;idl;hpj;bat;asm;asmx</Extensions>
    </Filter>
    <Filter Include="Header Files">
      <UniqueIdentifier>{93995380-89BD-4b04-88EB-625FBE52EBFB}</UniqueIdentifier>
      <Extensions>h;hh;hpp;hxx;hm;inl;inc;ipp;xsd</Extensions>
    </Filter>
    <Filter Include="Resource Files">
      <UniqueIdentifier>{67DA6AB6-F800-4c08-8B7A-83BB121AAD01}</UniqueIdentifier>
      <Extensions>rc;ico;cur;bmp;dlg;rc2;rct;bin;rgs;gif;jpg;jpeg;jpe;resx;tiff;tif;png;wav;mfcribbon-ms</Extensions>
    </Filter>
    <Filter Include="Resource Files\Data">
      <UniqueIdentifier>{87b6571e-951b-4c1b-84b2-f6faa1bf72cd}</UniqueIdentifier>
    </Filter>
    <Filter Include="Resource Files\Data\Templates">
      <UniqueIdentifier>{d9b6d436-86eb-46bb-924c-88af3ae9fbc7}</UniqueIdentifier>
    </Filter>
    <Filter Include="Source Files\DataStructures">
      <UniqueIdentifier>{1a692ebf-9f47-4285-ab3d-261899622a92}</UniqueIdentifier>
    </Filter>
    <Filter Include="Header Files\DataStructures">
      <UniqueIdentifier>{a756db94-4c92-42d9-9db3-6273c7ba3c05}</UniqueIdentifier>
    </Filter>
    <Filter Include="Source Files\DataStructures\LinkedList">
      <UniqueIdentifier>{1d29d88d-e015-4d81-9884-77313a9b80e3}</UniqueIdentifier>
    </Filter>
    <Filter Include="Header Files\DataStructures\LinkedList">
      <UniqueIdentifier>{afdc3223-914a-4568-91c8-7780ff4dc2ab}</UniqueIdentifier>
    </Filter>
  </ItemGroup>
  <ItemGroup>
    <ClInclude Include="pch.h">
      <Filter>Header Files</Filter>
    </ClInclude>
    <ClInclude Include="DossierClient.h">
      <Filter>Header Files</Filter>
    </ClInclude>
    <ClInclude Include="Node.h">
      <Filter>Header Files\DataStructures\LinkedList</Filter>
    </ClInclude>
    <ClInclude Include="List.h">
      <Filter>Header Files\DataStructures\LinkedList</Filter>
    </ClInclude>
    <ClInclude Include="Models.h">
      <Filter>Header Files</Filter>
    </ClInclude>
  </ItemGroup>
  <ItemGroup>
    <ClCompile Include="pch.cpp">
      <Filter>Source Files</Filter>
    </ClCompile>
    <ClCompile Include="8INF259-TP1.cpp">
      <Filter>Source Files</Filter>
    </ClCompile>
    <ClCompile Include="DossierClient.cpp">
      <Filter>Source Files</Filter>
    </ClCompile>
    <ClCompile Include="Node.cpp">
      <Filter>Source Files\DataStructures\LinkedList</Filter>
    </ClCompile>
    <ClCompile Include="List.cpp">
      <Filter>Source Files\DataStructures\LinkedList</Filter>
    </ClCompile>
  </ItemGroup>
  <ItemGroup>
    <None Include="ResourceFiles\8INF259_Travail_1.pdf">
      <Filter>Resource Files</Filter>
    </None>
  </ItemGroup>
  <ItemGroup>
    <Text Include="ResourceFiles\Data\CLIENT.txt">
      <Filter>Resource Files\Data</Filter>
    </Text>
    <Text Include="ResourceFiles\Data\HISTORIQUE.txt">
      <Filter>Resource Files\Data</Filter>
    </Text>
    <Text Include="ResourceFiles\Data\TRANSACTION.txt">
      <Filter>Resource Files\Data</Filter>
    </Text>
    <Text Include="ResourceFiles\Data\Templates\CLIENT.txt">
      <Filter>Resource Files\Data\Templates</Filter>
    </Text>
    <Text Include="ResourceFiles\Data\Templates\HISTORIQUE.txt">
      <Filter>Resource Files\Data\Templates</Filter>
    </Text>
    <Text Include="ResourceFiles\Data\Templates\TRANSACTION.txt">
      <Filter>Resource Files\Data\Templates</Filter>
    </Text>
  </ItemGroup>
</Project>